// !$*UTF8*$!
{
	archiveVersion = 1;
	classes = {
	};
	objectVersion = 50;
	objects = {

/* Begin PBXBuildFile section */
		4B098954226D575200EA9A9F /* AppDelegate.m in Sources */ = {isa = PBXBuildFile; fileRef = 4B098953226D575200EA9A9F /* AppDelegate.m */; };
		4B098957226D575200EA9A9F /* ViewController.m in Sources */ = {isa = PBXBuildFile; fileRef = 4B098956226D575200EA9A9F /* ViewController.m */; };
		4B09895A226D575200EA9A9F /* Main.storyboard in Resources */ = {isa = PBXBuildFile; fileRef = 4B098958226D575200EA9A9F /* Main.storyboard */; };
		4B09895C226D575400EA9A9F /* Assets.xcassets in Resources */ = {isa = PBXBuildFile; fileRef = 4B09895B226D575400EA9A9F /* Assets.xcassets */; };
		4B09895F226D575400EA9A9F /* LaunchScreen.storyboard in Resources */ = {isa = PBXBuildFile; fileRef = 4B09895D226D575400EA9A9F /* LaunchScreen.storyboard */; };
		4B098962226D575400EA9A9F /* main.m in Sources */ = {isa = PBXBuildFile; fileRef = 4B098961226D575400EA9A9F /* main.m */; };
		4B3AFEF122704DA20014C205 /* NSArray+YSort.m in Sources */ = {isa = PBXBuildFile; fileRef = 4B3AFEF022704DA20014C205 /* NSArray+YSort.m */; };
/* End PBXBuildFile section */

/* Begin PBXFileReference section */
		4B09894F226D575200EA9A9F /* YAlgorithmsDemo_OC.app */ = {isa = PBXFileReference; explicitFileType = wrapper.application; includeInIndex = 0; path = YAlgorithmsDemo_OC.app; sourceTree = BUILT_PRODUCTS_DIR; };
		4B098952226D575200EA9A9F /* AppDelegate.h */ = {isa = PBXFileReference; lastKnownFileType = sourcecode.c.h; path = AppDelegate.h; sourceTree = "<group>"; };
		4B098953226D575200EA9A9F /* AppDelegate.m */ = {isa = PBXFileReference; lastKnownFileType = sourcecode.c.objc; path = AppDelegate.m; sourceTree = "<group>"; };
		4B098955226D575200EA9A9F /* ViewController.h */ = {isa = PBXFileReference; lastKnownFileType = sourcecode.c.h; path = ViewController.h; sourceTree = "<group>"; };
		4B098956226D575200EA9A9F /* ViewController.m */ = {isa = PBXFileReference; lastKnownFileType = sourcecode.c.objc; path = ViewController.m; sourceTree = "<group>"; };
		4B098959226D575200EA9A9F /* Base */ = {isa = PBXFileReference; lastKnownFileType = file.storyboard; name = Base; path = Base.lproj/Main.storyboard; sourceTree = "<group>"; };
		4B09895B226D575400EA9A9F /* Assets.xcassets */ = {isa = PBXFileReference; lastKnownFileType = folder.assetcatalog; path = Assets.xcassets; sourceTree = "<group>"; };
		4B09895E226D575400EA9A9F /* Base */ = {isa = PBXFileReference; lastKnownFileType = file.storyboard; name = Base; path = Base.lproj/LaunchScreen.storyboard; sourceTree = "<group>"; };
		4B098960226D575400EA9A9F /* Info.plist */ = {isa = PBXFileReference; lastKnownFileType = text.plist.xml; path = Info.plist; sourceTree = "<group>"; };
		4B098961226D575400EA9A9F /* main.m */ = {isa = PBXFileReference; lastKnownFileType = sourcecode.c.objc; path = main.m; sourceTree = "<group>"; };
		4B3AFEEF22704DA20014C205 /* NSArray+YSort.h */ = {isa = PBXFileReference; lastKnownFileType = sourcecode.c.h; path = "NSArray+YSort.h"; sourceTree = "<group>"; };
		4B3AFEF022704DA20014C205 /* NSArray+YSort.m */ = {isa = PBXFileReference; lastKnownFileType = sourcecode.c.objc; path = "NSArray+YSort.m"; sourceTree = "<group>"; };
/* End PBXFileReference section */

/* Begin PBXFrameworksBuildPhase section */
		4B09894C226D575200EA9A9F /* Frameworks */ = {
			isa = PBXFrameworksBuildPhase;
			buildActionMask = 2147483647;
			files = (
			);
			runOnlyForDeploymentPostprocessing = 0;
		};
/* End PBXFrameworksBuildPhase section */

/* Begin PBXGroup section */
		4B098946226D575200EA9A9F = {
			isa = PBXGroup;
			children = (
				4B098951226D575200EA9A9F /* YAlgorithmsDemo_OC */,
				4B098950226D575200EA9A9F /* Products */,
			);
			sourceTree = "<group>";
		};
		4B098950226D575200EA9A9F /* Products */ = {
			isa = PBXGroup;
			children = (
				4B09894F226D575200EA9A9F /* YAlgorithmsDemo_OC.app */,
			);
			name = Products;
			sourceTree = "<group>";
		};
		4B098951226D575200EA9A9F /* YAlgorithmsDemo_OC */ = {
			isa = PBXGroup;
			children = (
				4B098952226D575200EA9A9F /* AppDelegate.h */,
				4B098953226D575200EA9A9F /* AppDelegate.m */,
				4B098955226D575200EA9A9F /* ViewController.h */,
				4B098956226D575200EA9A9F /* ViewController.m */,
				4B3AFEEF22704DA20014C205 /* NSArray+YSort.h */,
				4B3AFEF022704DA20014C205 /* NSArray+YSort.m */,
				4B098958226D575200EA9A9F /* Main.storyboard */,
				4B09895B226D575400EA9A9F /* Assets.xcassets */,
				4B09895D226D575400EA9A9F /* LaunchScreen.storyboard */,
				4B098960226D575400EA9A9F /* Info.plist */,
				4B098961226D575400EA9A9F /* main.m */,
			);
			path = YAlgorithmsDemo_OC;
			sourceTree = "<group>";
		};
/* End PBXGroup section */

/* Begin PBXNativeTarget section */
		4B09894E226D575200EA9A9F /* YAlgorithmsDemo_OC */ = {
			isa = PBXNativeTarget;
			buildConfigurationList = 4B098965226D575400EA9A9F /* Build configuration list for PBXNativeTarget "YAlgorithmsDemo_OC" */;
			buildPhases = (
				4B09894B226D575200EA9A9F /* Sources */,
				4B09894C226D575200EA9A9F /* Frameworks */,
				4B09894D226D575200EA9A9F /* Resources */,
			);
			buildRules = (
			);
			dependencies = (
			);
			name = YAlgorithmsDemo_OC;
			productName = YAlgorithmsDemo_OC;
			productReference = 4B09894F226D575200EA9A9F /* YAlgorithmsDemo_OC.app */;
			productType = "com.apple.product-type.application";
		};
/* End PBXNativeTarget section */

/* Begin PBXProject section */
		4B098947226D575200EA9A9F /* Project object */ = {
			isa = PBXProject;
			attributes = {
				LastUpgradeCheck = 1020;
				ORGANIZATIONNAME = yxw;
				TargetAttributes = {
					4B09894E226D575200EA9A9F = {
						CreatedOnToolsVersion = 10.2.1;
					};
				};
			};
			buildConfigurationList = 4B09894A226D575200EA9A9F /* Build configuration list for PBXProject "YAlgorithmsDemo_OC" */;
			compatibilityVersion = "Xcode 9.3";
			developmentRegion = en;
			hasScannedForEncodings = 0;
			knownRegions = (
				en,
				Base,
			);
			mainGroup = 4B098946226D575200EA9A9F;
			productRefGroup = 4B098950226D575200EA9A9F /* Products */;
			projectDirPath = "";
			projectRoot = "";
			targets = (
				4B09894E226D575200EA9A9F /* YAlgorithmsDemo_OC */,
			);
		};
/* End PBXProject section */

/* Begin PBXResourcesBuildPhase section */
		4B09894D226D575200EA9A9F /* Resources */ = {
			isa = PBXResourcesBuildPhase;
			buildActionMask = 2147483647;
			files = (
				4B09895F226D575400EA9A9F /* LaunchScreen.storyboard in Resources */,
				4B09895C226D575400EA9A9F /* Assets.xcassets in Resources */,
				4B09895A226D575200EA9A9F /* Main.storyboard in Resources */,
			);
			runOnlyForDeploymentPostprocessing = 0;
		};
/* End PBXResourcesBuildPhase section */

/* Begin PBXSourcesBuildPhase section */
		4B09894B226D575200EA9A9F /* Sources */ = {
			isa = PBXSourcesBuildPhase;
			buildActionMask = 2147483647;
			files = (
				4B098957226D575200EA9A9F /* ViewController.m in Sources */,
				4B098962226D575400EA9A9F /* main.m in Sources */,
				4B098954226D575200EA9A9F /* AppDelegate.m in Sources */,
				4B3AFEF122704DA20014C205 /* NSArray+YSort.m in Sources */,
			);
			runOnlyForDeploymentPostprocessing = 0;
		};
/* End PBXSourcesBuildPhase section */

/* Begin PBXVariantGroup section */
		4B098958226D575200EA9A9F /* Main.storyboard */ = {
			isa = PBXVariantGroup;
			children = (
				4B098959226D575200EA9A9F /* Base */,
			);
			name = Main.storyboard;
			sourceTree = "<group>";
		};
		4B09895D226D575400EA9A9F /* LaunchScreen.storyboard */ = {
			isa = PBXVariantGroup;
			children = (
				4B09895E226D575400EA9A9F /* Base */,
			);
			name = LaunchScreen.storyboard;
			sourceTree = "<group>";
		};
/* End PBXVariantGroup section */

/* Begin XCBuildConfiguration section */
		4B098963226D575400EA9A9F /* Debug */ = {
			isa = XCBuildConfiguration;
			buildSettings = {
				ALWAYS_SEARCH_USER_PATHS = NO;
				CLANG_ANALYZER_NONNULL = YES;
				CLANG_ANALYZER_NUMBER_OBJECT_CONVERSION = YES_AGGRESSIVE;
				CLANG_CXX_LANGUAGE_STANDARD = "gnu++14";
				CLANG_CXX_LIBRARY = "libc++";
				CLANG_ENABLE_MODULES = YES;
				CLANG_ENABLE_OBJC_ARC = YES;
				CLANG_ENABLE_OBJC_WEAK = YES;
				CLANG_WARN_BLOCK_CAPTURE_AUTORELEASING = YES;
				CLANG_WARN_BOOL_CONVERSION = YES;
				CLANG_WARN_COMMA = YES;
				CLANG_WARN_CONSTANT_CONVERSION = YES;
				CLANG_WARN_DEPRECATED_OBJC_IMPLEMENTATIONS = YES;
				CLANG_WARN_DIRECT_OBJC_ISA_USAGE = YES_ERROR;
				CLANG_WARN_DOCUMENTATION_COMMENTS = YES;
				CLANG_WARN_EMPTY_BODY = YES;
				CLANG_WARN_ENUM_CONVERSION = YES;
				CLANG_WARN_INFINITE_RECURSION = YES;
				CLANG_WARN_INT_CONVERSION = YES;
				CLANG_WARN_NON_LITERAL_NULL_CONVERSION = YES;
				CLANG_WARN_OBJC_IMPLICIT_RETAIN_SELF = YES;
				CLANG_WARN_OBJC_LITERAL_CONVERSION = YES;
				CLANG_WARN_OBJC_ROOT_CLASS = YES_ERROR;
				CLANG_WARN_RANGE_LOOP_ANALYSIS = YES;
				CLANG_WARN_STRICT_PROTOTYPES = YES;
				CLANG_WARN_SUSPICIOUS_MOVE = YES;
				CLANG_WARN_UNGUARDED_AVAILABILITY = YES_AGGRESSIVE;
				CLANG_WARN_UNREACHABLE_CODE = YES;
				CLANG_WARN__DUPLICATE_METHOD_MATCH = YES;
				CODE_SIGN_IDENTITY = "iPhone Developer";
				COPY_PHASE_STRIP = NO;
				DEBUG_INFORMATION_FORMAT = dwarf;
				ENABLE_STRICT_OBJC_MSGSEND = YES;
				ENABLE_TESTABILITY = YES;
				GCC_C_LANGUAGE_STANDARD = gnu11;
				GCC_DYNAMIC_NO_PIC = NO;
				GCC_NO_COMMON_BLOCKS = YES;
				GCC_OPTIMIZATION_LEVEL = 0;
				GCC_PREPROCESSOR_DEFINITIONS = (
					"DEBUG=1",
					"$(inherited)",
				);
				GCC_WARN_64_TO_32_BIT_CONVERSION = YES;
				GCC_WARN_ABOUT_RETURN_TYPE = YES_ERROR;
				GCC_WARN_UNDECLARED_SELECTOR = YES;
				GCC_WARN_UNINITIALIZED_AUTOS = YES_AGGRESSIVE;
				GCC_WARN_UNUSED_FUNCTION = YES;
				GCC_WARN_UNUSED_VARIABLE = YES;
				IPHONEOS_DEPLOYMENT_TARGET = 12.2;
				MTL_ENABLE_DEBUG_INFO = INCLUDE_SOURCE;
				MTL_FAST_MATH = YES;
				ONLY_ACTIVE_ARCH = YES;
				SDKROOT = iphoneos;
			};
			name = Debug;
		};
		4B098964226D575400EA9A9F /* Release */ = {
			isa = XCBuildConfiguration;
			buildSettings = {
				ALWAYS_SEARCH_USER_PATHS = NO;
				CLANG_ANALYZER_NONNULL = YES;
				CLANG_ANALYZER_NUMBER_OBJECT_CONVERSION = YES_AGGRESSIVE;
				CLANG_CXX_LANGUAGE_STANDARD = "gnu++14";
				CLANG_CXX_LIBRARY = "libc++";
				CLANG_ENABLE_MODULES = YES;
				CLANG_ENABLE_OBJC_ARC = YES;
				CLANG_ENABLE_OBJC_WEAK = YES;
				CLANG_WARN_BLOCK_CAPTURE_AUTORELEASING = YES;
				CLANG_WARN_BOOL_CONVERSION = YES;
				CLANG_WARN_COMMA = YES;
				CLANG_WARN_CONSTANT_CONVERSION = YES;
				CLANG_WARN_DEPRECATED_OBJC_IMPLEMENTATIONS = YES;
				CLANG_WARN_DIRECT_OBJC_ISA_USAGE = YES_ERROR;
				CLANG_WARN_DOCUMENTATION_COMMENTS = YES;
				CLANG_WARN_EMPTY_BODY = YES;
				CLANG_WARN_ENUM_CONVERSION = YES;
				CLANG_WARN_INFINITE_RECURSION = YES;
				CLANG_WARN_INT_CONVERSION = YES;
				CLANG_WARN_NON_LITERAL_NULL_CONVERSION = YES;
				CLANG_WARN_OBJC_IMPLICIT_RETAIN_SELF = YES;
				CLANG_WARN_OBJC_LITERAL_CONVERSION = YES;
				CLANG_WARN_OBJC_ROOT_CLASS = YES_ERROR;
				CLANG_WARN_RANGE_LOOP_ANALYSIS = YES;
				CLANG_WARN_STRICT_PROTOTYPES = YES;
				CLANG_WARN_SUSPICIOUS_MOVE = YES;
				CLANG_WARN_UNGUARDED_AVAILABILITY = YES_AGGRESSIVE;
				CLANG_WARN_UNREACHABLE_CODE = YES;
				CLANG_WARN__DUPLICATE_METHOD_MATCH = YES;
				CODE_SIGN_IDENTITY = "iPhone Developer";
				COPY_PHASE_STRIP = NO;
				DEBUG_INFORMATION_FORMAT = "dwarf-with-dsym";
				ENABLE_NS_ASSERTIONS = NO;
				ENABLE_STRICT_OBJC_MSGSEND = YES;
				GCC_C_LANGUAGE_STANDARD = gnu11;
				GCC_NO_COMMON_BLOCKS = YES;
				GCC_WARN_64_TO_32_BIT_CONVERSION = YES;
				GCC_WARN_ABOUT_RETURN_TYPE = YES_ERROR;
				GCC_WARN_UNDECLARED_SELECTOR = YES;
				GCC_WARN_UNINITIALIZED_AUTOS = YES_AGGRESSIVE;
				GCC_WARN_UNUSED_FUNCTION = YES;
				GCC_WARN_UNUSED_VARIABLE = YES;
				IPHONEOS_DEPLOYMENT_TARGET = 12.2;
				MTL_ENABLE_DEBUG_INFO = NO;
				MTL_FAST_MATH = YES;
				SDKROOT = iphoneos;
				VALIDATE_PRODUCT = YES;
			};
			name = Release;
		};
		4B098966226D575400EA9A9F /* Debug */ = {
			isa = XCBuildConfiguration;
			buildSettings = {
				ASSETCATALOG_COMPILER_APPICON_NAME = AppIcon;
				CODE_SIGN_STYLE = Automatic;
				INFOPLIST_FILE = YAlgorithmsDemo_OC/Info.plist;
				IPHONEOS_DEPLOYMENT_TARGET = 9.0;
				LD_RUNPATH_SEARCH_PATHS = (
					"$(inherited)",
					"@executable_path/Frameworks",
				);
				PRODUCT_BUNDLE_IDENTIFIER = "com.yxw.YAlgorithmsDemo-OC";
				PRODUCT_NAME = "$(TARGET_NAME)";
				TARGETED_DEVICE_FAMILY = "1,2";
			};
			name = Debug;
		};
		4B098967226D575400EA9A9F /* Release */ = {
			isa = XCBuildConfiguration;
			buildSettings = {
				ASSETCATALOG_COMPILER_APPICON_NAME = AppIcon;
				CODE_SIGN_STYLE = Automatic;
				INFOPLIST_FILE = YAlgorithmsDemo_OC/Info.plist;
				IPHONEOS_DEPLOYMENT_TARGET = 9.0;
				LD_RUNPATH_SEARCH_PATHS = (
					"$(inherited)",
					"@executable_path/Frameworks",
				);
				PRODUCT_BUNDLE_IDENTIFIER = "com.yxw.YAlgorithmsDemo-OC";
				PRODUCT_NAME = "$(TARGET_NAME)";
				TARGETED_DEVICE_FAMILY = "1,2";
			};
			name = Release;
		};
/* End XCBuildConfiguration section */

/* Begin XCConfigurationList section */
		4B09894A226D575200EA9A9F /* Build configuration list for PBXProject "YAlgorithmsDemo_OC" */ = {
			isa = XCConfigurationList;
			buildConfigurations = (
				4B098963226D575400EA9A9F /* Debug */,
				4B098964226D575400EA9A9F /* Release */,
			);
			defaultConfigurationIsVisible = 0;
			defaultConfigurationName = Release;
		};
		4B098965226D575400EA9A9F /* Build configuration list for PBXNativeTarget "YAlgorithmsDemo_OC" */ = {
			isa = XCConfigurationList;
			buildConfigurations = (
				4B098966226D575400EA9A9F /* Debug */,
				4B098967226D575400EA9A9F /* Release */,
			);
			defaultConfigurationIsVisible = 0;
			defaultConfigurationName = Release;
		};
/* End XCConfigurationList section */
	};
	rootObject = 4B098947226D575200EA9A9F /* Project object */;
}
